
Microsoft Visual Studio Solution File, Format Version 12.00
# Visual Studio Version 16
VisualStudioVersion = 16.0.32901.82
MinimumVisualStudioVersion = 10.0.40219.1
Project("{9A19103F-16F7-4668-BE54-9A1E7A4F7556}") = "FoodCart", "FoodCart\FoodCart.csproj", "{A7FD4965-6F8D-42D6-98F7-4287D2FB3F54}"
EndProject
Project("{9A19103F-16F7-4668-BE54-9A1E7A4F7556}") = "ShoppingCartRepository", "ShoppingCartRepository\ShoppingCartRepository.csproj", "{C3F70F02-CAB0-4F38-BD56-A00E599C6A74}"
EndProject
Global
	GlobalSection(SolutionConfigurationPlatforms) = preSolution
		Debug|Any CPU = Debug|Any CPU
		Release|Any CPU = Release|Any CPU
	EndGlobalSection
	GlobalSection(ProjectConfigurationPlatforms) = postSolution
		{A7FD4965-6F8D-42D6-98F7-4287D2FB3F54}.Debug|Any CPU.ActiveCfg = Debug|Any CPU
		{A7FD4965-6F8D-42D6-98F7-4287D2FB3F54}.Debug|Any CPU.Build.0 = Debug|Any CPU
		{A7FD4965-6F8D-42D6-98F7-4287D2FB3F54}.Release|Any CPU.ActiveCfg = Release|Any CPU
		{A7FD4965-6F8D-42D6-98F7-4287D2FB3F54}.Release|Any CPU.Build.0 = Release|Any CPU
		{C3F70F02-CAB0-4F38-BD56-A00E599C6A74}.Debug|Any CPU.ActiveCfg = Debug|Any CPU
		{C3F70F02-CAB0-4F38-BD56-A00E599C6A74}.Debug|Any CPU.Build.0 = Debug|Any CPU
		{C3F70F02-CAB0-4F38-BD56-A00E599C6A74}.Release|Any CPU.ActiveCfg = Release|Any CPU
		{C3F70F02-CAB0-4F38-BD56-A00E599C6A74}.Release|Any CPU.Build.0 = Release|Any CPU
	EndGlobalSection
	GlobalSection(SolutionProperties) = preSolution
		HideSolutionNode = FALSE
	EndGlobalSection
	GlobalSection(ExtensibilityGlobals) = postSolution
		SolutionGuid = {AF80A8A4-3A30-4F9E-96B1-03A16606096E}
	EndGlobalSection
EndGlobal
